
Microsoft Visual Studio Solution File, Format Version 12.00
# Visual Studio Version 17
VisualStudioVersion = 17.1.32210.238
MinimumVisualStudioVersion = 10.0.40219.1
Project("{9A19103F-16F7-4668-BE54-9A1E7A4F7556}") = "EMS", "EMS.Razor\EMS.csproj", "{EA317D7B-F553-42AA-8DE8-456D000D6048}"
EndProject
Global
	GlobalSection(SolutionConfigurationPlatforms) = preSolution
		Debug|Any CPU = Debug|Any CPU
		Release|Any CPU = Release|Any CPU
	EndGlobalSection
	GlobalSection(ProjectConfigurationPlatforms) = postSolution
		{EA317D7B-F553-42AA-8DE8-456D000D6048}.Debug|Any CPU.ActiveCfg = Debug|Any CPU
		{EA317D7B-F553-42AA-8DE8-456D000D6048}.Debug|Any CPU.Build.0 = Debug|Any CPU
		{EA317D7B-F553-42AA-8DE8-456D000D6048}.Release|Any CPU.ActiveCfg = Release|Any CPU
		{EA317D7B-F553-42AA-8DE8-456D000D6048}.Release|Any CPU.Build.0 = Release|Any CPU
	EndGlobalSection
	GlobalSection(SolutionProperties) = preSolution
		HideSolutionNode = FALSE
	EndGlobalSection
	GlobalSection(ExtensibilityGlobals) = postSolution
		SolutionGuid = {9D797A06-59D5-47C5-8DCC-C4A47AB054D4}
	EndGlobalSection
EndGlobal
